
Microsoft Visual Studio Solution File, Format Version 12.00
# Visual Studio Version 16
VisualStudioVersion = 16.0.31624.102
MinimumVisualStudioVersion = 10.0.40219.1
Project("{8BC9CEB8-8B4A-11D0-8D11-00A0C91BC942}") = "C (1 лаба)", "C (1 лаба)\C (1 лаба).vcxproj", "{4DF4156A-EB90-4A72-9E94-7C204A5E66EA}"
EndProject
Global
	GlobalSection(SolutionConfigurationPlatforms) = preSolution
		Debug|x64 = Debug|x64
		Debug|x86 = Debug|x86
		Release|x64 = Release|x64
		Release|x86 = Release|x86
	EndGlobalSection
	GlobalSection(ProjectConfigurationPlatforms) = postSolution
		{4DF4156A-EB90-4A72-9E94-7C204A5E66EA}.Debug|x64.ActiveCfg = Debug|x64
		{4DF4156A-EB90-4A72-9E94-7C204A5E66EA}.Debug|x64.Build.0 = Debug|x64
		{4DF4156A-EB90-4A72-9E94-7C204A5E66EA}.Debug|x86.ActiveCfg = Debug|Win32
		{4DF4156A-EB90-4A72-9E94-7C204A5E66EA}.Debug|x86.Build.0 = Debug|Win32
		{4DF4156A-EB90-4A72-9E94-7C204A5E66EA}.Release|x64.ActiveCfg = Release|x64
		{4DF4156A-EB90-4A72-9E94-7C204A5E66EA}.Release|x64.Build.0 = Release|x64
		{4DF4156A-EB90-4A72-9E94-7C204A5E66EA}.Release|x86.ActiveCfg = Release|Win32
		{4DF4156A-EB90-4A72-9E94-7C204A5E66EA}.Release|x86.Build.0 = Release|Win32
	EndGlobalSection
	GlobalSection(SolutionProperties) = preSolution
		HideSolutionNode = FALSE
	EndGlobalSection
	GlobalSection(ExtensibilityGlobals) = postSolution
		SolutionGuid = {14246484-727E-4FFD-99DB-4BD63B574661}
	EndGlobalSection
EndGlobal
